
Microsoft Visual Studio Solution File, Format Version 12.00
# Visual Studio Version 17
VisualStudioVersion = 17.7.34024.191
MinimumVisualStudioVersion = 10.0.40219.1
Project("{FAE04EC0-301F-11D3-BF4B-00C04F79EFBC}") = "blog.domain", "domain\blog.domain\blog.domain.csproj", "{FA6E6864-42AB-4D2A-9924-21F8B441FA52}"
EndProject
Project("{FAE04EC0-301F-11D3-BF4B-00C04F79EFBC}") = "blog.infrastructure", "infrastructure\blog.infrastructure\blog.infrastructure.csproj", "{ABB22113-B0F8-43F6-9CBA-065A0621011B}"
EndProject
Project("{FAE04EC0-301F-11D3-BF4B-00C04F79EFBC}") = "blog.application", "application\blog.application\blog.application.csproj", "{52B66300-D082-4E66-AA55-010F397A8667}"
EndProject
Project("{FAE04EC0-301F-11D3-BF4B-00C04F79EFBC}") = "blog.api", "api\blog.api\blog.api.csproj", "{6282EAB6-1332-4482-8539-9AFB60CA6132}"
EndProject
Global
	GlobalSection(SolutionConfigurationPlatforms) = preSolution
		Debug|Any CPU = Debug|Any CPU
		Release|Any CPU = Release|Any CPU
	EndGlobalSection
	GlobalSection(ProjectConfigurationPlatforms) = postSolution
		{FA6E6864-42AB-4D2A-9924-21F8B441FA52}.Debug|Any CPU.ActiveCfg = Debug|Any CPU
		{FA6E6864-42AB-4D2A-9924-21F8B441FA52}.Debug|Any CPU.Build.0 = Debug|Any CPU
		{FA6E6864-42AB-4D2A-9924-21F8B441FA52}.Release|Any CPU.ActiveCfg = Release|Any CPU
		{FA6E6864-42AB-4D2A-9924-21F8B441FA52}.Release|Any CPU.Build.0 = Release|Any CPU
		{ABB22113-B0F8-43F6-9CBA-065A0621011B}.Debug|Any CPU.ActiveCfg = Debug|Any CPU
		{ABB22113-B0F8-43F6-9CBA-065A0621011B}.Debug|Any CPU.Build.0 = Debug|Any CPU
		{ABB22113-B0F8-43F6-9CBA-065A0621011B}.Release|Any CPU.ActiveCfg = Release|Any CPU
		{ABB22113-B0F8-43F6-9CBA-065A0621011B}.Release|Any CPU.Build.0 = Release|Any CPU
		{52B66300-D082-4E66-AA55-010F397A8667}.Debug|Any CPU.ActiveCfg = Debug|Any CPU
		{52B66300-D082-4E66-AA55-010F397A8667}.Debug|Any CPU.Build.0 = Debug|Any CPU
		{52B66300-D082-4E66-AA55-010F397A8667}.Release|Any CPU.ActiveCfg = Release|Any CPU
		{52B66300-D082-4E66-AA55-010F397A8667}.Release|Any CPU.Build.0 = Release|Any CPU
		{6282EAB6-1332-4482-8539-9AFB60CA6132}.Debug|Any CPU.ActiveCfg = Debug|Any CPU
		{6282EAB6-1332-4482-8539-9AFB60CA6132}.Debug|Any CPU.Build.0 = Debug|Any CPU
		{6282EAB6-1332-4482-8539-9AFB60CA6132}.Release|Any CPU.ActiveCfg = Release|Any CPU
		{6282EAB6-1332-4482-8539-9AFB60CA6132}.Release|Any CPU.Build.0 = Release|Any CPU
	EndGlobalSection
	GlobalSection(SolutionProperties) = preSolution
		HideSolutionNode = FALSE
	EndGlobalSection
	GlobalSection(ExtensibilityGlobals) = postSolution
		SolutionGuid = {FC341E07-199A-4F1C-9BA5-6D333E971C8A}
	EndGlobalSection
EndGlobal
